{
  "originHash" : "b899fcc18ad550ee4bac48a42b42159cc5e6b53eb49d9d68fc6351b5b56e4b5e",
  "pins" : [
    {
      "identity" : "appleextension",
      "kind" : "remoteSourceControl",
      "location" : "https://github.com/codingiran/AppleExtension.git",
      "state" : {
        "revision" : "94887681b2480135a47605aa1705907def4a1be8",
        "version" : "3.0.1"
      }
    },
    {
      "identity" : "objcexceptioncatcher",
      "kind" : "remoteSourceControl",
      "location" : "https://github.com/codingiran/ObjCExceptionCatcher.git",
      "state" : {
        "revision" : "f9761d7abac8fc8a6f9f9a0022dcac27f6760ef9",
        "version" : "1.0.1"
      }
    },
    {
      "identity" : "scriptrunner",
      "kind" : "remoteSourceControl",
      "location" : "https://github.com/codingiran/ScriptRunner.git",
      "state" : {
        "revision" : "2119204f5898f489d5c8569ba42cb93f823544dd",
        "version" : "0.0.2"
      }
    }
  ],
  "version" : 3
}
