{
  "pins" : [
    {
      "identity" : "appleextension",
      "kind" : "remoteSourceControl",
      "location" : "https://github.com/codingiran/AppleExtension.git",
      "state" : {
        "revision" : "9c9fe6442c47ddc96ba367fc90484c7fecad493a",
        "version" : "3.0.2"
      }
    },
    {
      "identity" : "objcexceptioncatcher",
      "kind" : "remoteSourceControl",
      "location" : "https://github.com/codingiran/ObjCExceptionCatcher.git",
      "state" : {
        "revision" : "21561a112472459d54d31bf6fe8bc0c1260a6407",
        "version" : "1.0.2"
      }
    },
    {
      "identity" : "scriptrunner",
      "kind" : "remoteSourceControl",
      "location" : "https://github.com/codingiran/ScriptRunner.git",
      "state" : {
        "revision" : "2119204f5898f489d5c8569ba42cb93f823544dd",
        "version" : "0.0.2"
      }
    }
  ],
  "version" : 2
}
